
Microsoft Visual Studio Solution File, Format Version 12.00
# Visual Studio Version 16
VisualStudioVersion = 16.0.32228.343
MinimumVisualStudioVersion = 10.0.40219.1
Project("{FAE04EC0-301F-11D3-BF4B-00C04F79EFBC}") = "projeto5", "projeto5\projeto5.csproj", "{D4A21318-B58B-4B6B-BD93-AC7EB6FAA98C}"
EndProject
Global
	GlobalSection(SolutionConfigurationPlatforms) = preSolution
		Debug|Any CPU = Debug|Any CPU
		Release|Any CPU = Release|Any CPU
	EndGlobalSection
	GlobalSection(ProjectConfigurationPlatforms) = postSolution
		{D4A21318-B58B-4B6B-BD93-AC7EB6FAA98C}.Debug|Any CPU.ActiveCfg = Debug|Any CPU
		{D4A21318-B58B-4B6B-BD93-AC7EB6FAA98C}.Debug|Any CPU.Build.0 = Debug|Any CPU
		{D4A21318-B58B-4B6B-BD93-AC7EB6FAA98C}.Release|Any CPU.ActiveCfg = Release|Any CPU
		{D4A21318-B58B-4B6B-BD93-AC7EB6FAA98C}.Release|Any CPU.Build.0 = Release|Any CPU
	EndGlobalSection
	GlobalSection(SolutionProperties) = preSolution
		HideSolutionNode = FALSE
	EndGlobalSection
	GlobalSection(ExtensibilityGlobals) = postSolution
		SolutionGuid = {F1B1238D-5443-4895-8025-567BC8AB2C85}
	EndGlobalSection
EndGlobal
