
Microsoft Visual Studio Solution File, Format Version 12.00
# Visual Studio Version 16
VisualStudioVersion = 16.0.32228.343
MinimumVisualStudioVersion = 10.0.40219.1
Project("{FAE04EC0-301F-11D3-BF4B-00C04F79EFBC}") = "projeto10", "projeto10\projeto10.csproj", "{C8BAF286-A5E0-435F-9B0F-E109996BBEF0}"
EndProject
Global
	GlobalSection(SolutionConfigurationPlatforms) = preSolution
		Debug|Any CPU = Debug|Any CPU
		Release|Any CPU = Release|Any CPU
	EndGlobalSection
	GlobalSection(ProjectConfigurationPlatforms) = postSolution
		{C8BAF286-A5E0-435F-9B0F-E109996BBEF0}.Debug|Any CPU.ActiveCfg = Debug|Any CPU
		{C8BAF286-A5E0-435F-9B0F-E109996BBEF0}.Debug|Any CPU.Build.0 = Debug|Any CPU
		{C8BAF286-A5E0-435F-9B0F-E109996BBEF0}.Release|Any CPU.ActiveCfg = Release|Any CPU
		{C8BAF286-A5E0-435F-9B0F-E109996BBEF0}.Release|Any CPU.Build.0 = Release|Any CPU
	EndGlobalSection
	GlobalSection(SolutionProperties) = preSolution
		HideSolutionNode = FALSE
	EndGlobalSection
	GlobalSection(ExtensibilityGlobals) = postSolution
		SolutionGuid = {116F3EAB-6183-45BE-B246-C66E0DE3B97E}
	EndGlobalSection
EndGlobal
